uuid: 8ca19069-9090-4b27-9967-5fc545df62ab
langcode: en
status: true
dependencies:
  module:
    - drupal_itm_demos
  theme:
    - bootstrap_barrio
id: bootstrap_barrio_subscribeblock
theme: bootstrap_barrio
region: sidebar_first
weight: 0
provider: null
plugin: subscribe_block
settings:
  id: subscribe_block
  label: 'Subscribe block'
  provider: drupal_itm_demos
  label_display: '0'
visibility: {  }
