uuid: 18dcbc27-02d6-40e5-995f-93c6bd7e7fc7
langcode: en
status: true
dependencies:
  module:
    - drupal_itm_demos
  theme:
    - bartik
id: informationblock
theme: bartik
region: featured_top
weight: 0
provider: null
plugin: information_block
settings:
  id: information_block
  label: 'Information block'
  provider: drupal_itm_demos
  label_display: visible
visibility: {  }
